{
  "version": "5",
  "redirects": {
    "https://esm.sh/@supabase/supabase-js@2": "https://esm.sh/@supabase/supabase-js@2.108.2"
  },
  "remote": {
    "https://esm.sh/@supabase/supabase-js@2.108.2": "7fbe17c4ef67b80d388cef1f0a0c7ecb28b2b1c3c4110875925a4bc82ff28e13"
  },
  "workspace": {
    "packageJson": {
      "dependencies": [
        "npm:@playwright/test@^1.61.1",
        "npm:@supabase/supabase-js@2.108.2",
        "npm:acorn-walk@^8.3.5",
        "npm:acorn@^8.17.0",
        "npm:esbuild@0.27.1"
      ]
    }
  }
}
